
Microsoft Visual Studio Solution File, Format Version 12.00
# Visual Studio Version 17
VisualStudioVersion = 17.8.34309.116
MinimumVisualStudioVersion = 10.0.40219.1
Project("{FAE04EC0-301F-11D3-BF4B-00C04F79EFBC}") = "CelsiusToFarenheightConverter", "CelsiusToFarenheightConverter\CelsiusToFarenheightConverter.csproj", "{926F306B-3D6B-46AE-9170-71069760361A}"
EndProject
Global
	GlobalSection(SolutionConfigurationPlatforms) = preSolution
		Debug|Any CPU = Debug|Any CPU
		Release|Any CPU = Release|Any CPU
	EndGlobalSection
	GlobalSection(ProjectConfigurationPlatforms) = postSolution
		{926F306B-3D6B-46AE-9170-71069760361A}.Debug|Any CPU.ActiveCfg = Debug|Any CPU
		{926F306B-3D6B-46AE-9170-71069760361A}.Debug|Any CPU.Build.0 = Debug|Any CPU
		{926F306B-3D6B-46AE-9170-71069760361A}.Release|Any CPU.ActiveCfg = Release|Any CPU
		{926F306B-3D6B-46AE-9170-71069760361A}.Release|Any CPU.Build.0 = Release|Any CPU
	EndGlobalSection
	GlobalSection(SolutionProperties) = preSolution
		HideSolutionNode = FALSE
	EndGlobalSection
	GlobalSection(ExtensibilityGlobals) = postSolution
		SolutionGuid = {8CBB17C1-88AC-4EE1-8CD7-C55937902F05}
	EndGlobalSection
EndGlobal
